
Microsoft Visual Studio Solution File, Format Version 12.00
# Visual Studio Version 17
VisualStudioVersion = 17.4.33213.308
MinimumVisualStudioVersion = 10.0.40219.1
Project("{FAE04EC0-301F-11D3-BF4B-00C04F79EFBC}") = "Day2.APIs", "Day2\Day2.APIs.csproj", "{D850D23B-F5D6-4931-8070-16629EB6ACDE}"
EndProject
Project("{FAE04EC0-301F-11D3-BF4B-00C04F79EFBC}") = "Day2.DAL", "Day2.DAL\Day2.DAL.csproj", "{7D45D85B-1711-4B3C-8EF9-4F247AC0CAE3}"
EndProject
Project("{FAE04EC0-301F-11D3-BF4B-00C04F79EFBC}") = "Day2.BL", "Day2.PL\Day2.BL.csproj", "{42369672-8FE0-468B-A7CF-7646845EFB72}"
EndProject
Global
	GlobalSection(SolutionConfigurationPlatforms) = preSolution
		Debug|Any CPU = Debug|Any CPU
		Release|Any CPU = Release|Any CPU
	EndGlobalSection
	GlobalSection(ProjectConfigurationPlatforms) = postSolution
		{D850D23B-F5D6-4931-8070-16629EB6ACDE}.Debug|Any CPU.ActiveCfg = Debug|Any CPU
		{D850D23B-F5D6-4931-8070-16629EB6ACDE}.Debug|Any CPU.Build.0 = Debug|Any CPU
		{D850D23B-F5D6-4931-8070-16629EB6ACDE}.Release|Any CPU.ActiveCfg = Release|Any CPU
		{D850D23B-F5D6-4931-8070-16629EB6ACDE}.Release|Any CPU.Build.0 = Release|Any CPU
		{7D45D85B-1711-4B3C-8EF9-4F247AC0CAE3}.Debug|Any CPU.ActiveCfg = Debug|Any CPU
		{7D45D85B-1711-4B3C-8EF9-4F247AC0CAE3}.Debug|Any CPU.Build.0 = Debug|Any CPU
		{7D45D85B-1711-4B3C-8EF9-4F247AC0CAE3}.Release|Any CPU.ActiveCfg = Release|Any CPU
		{7D45D85B-1711-4B3C-8EF9-4F247AC0CAE3}.Release|Any CPU.Build.0 = Release|Any CPU
		{42369672-8FE0-468B-A7CF-7646845EFB72}.Debug|Any CPU.ActiveCfg = Debug|Any CPU
		{42369672-8FE0-468B-A7CF-7646845EFB72}.Debug|Any CPU.Build.0 = Debug|Any CPU
		{42369672-8FE0-468B-A7CF-7646845EFB72}.Release|Any CPU.ActiveCfg = Release|Any CPU
		{42369672-8FE0-468B-A7CF-7646845EFB72}.Release|Any CPU.Build.0 = Release|Any CPU
	EndGlobalSection
	GlobalSection(SolutionProperties) = preSolution
		HideSolutionNode = FALSE
	EndGlobalSection
	GlobalSection(ExtensibilityGlobals) = postSolution
		SolutionGuid = {CB88E8F2-6EEB-47BF-8B39-C8F56A966741}
	EndGlobalSection
EndGlobal
